github.com/XGC-Team/xgc2-nodes-process v0.0.0-20260821113032-85ba9dc336ee h1:abj9voSETYzMzVuOl0ueaMvbSD697D40gtgddRAjcpw=
github.com/XGC-Team/xgc2-nodes-process v0.0.0-20260821113032-85ba9dc336ee/go.mod h1:5waqDIHsQJ+fYUP3JV465Vm8mUR3VPTRU8MO1iN45QM=
github.com/lxk36/xgc2-orchestration-core v0.0.0-20260821112240-c19a29dd38b1 h1:pbBj4FJMKZBJPugsYj5p43s9ncha7JQcdA9gipm7dAo=
github.com/lxk36/xgc2-orchestration-core v0.0.0-20260821112240-c19a29dd38b1/go.mod h1:vBOLeBbnhqXxvNYC7Om0RjrCU83g7sPB19H9LLIV1Es=
